{
  "nodes": {
    "all-cabal-hashes": {
      "flake": false,
      "locked": {
        "narHash": "sha256-98V3hYXKgaD9TG/esa7J4b7bRhQ6G+7EdWlSo+Tbe/8=",
        "type": "file",
        "url": "https://api.github.com/repos/commercialhaskell/all-cabal-hashes/tarball/5fe87bd08298ee4e481f14cd5096f1f1fcf1394a"
      },
      "original": {
        "type": "file",
        "url": "https://api.github.com/repos/commercialhaskell/all-cabal-hashes/tarball/5fe87bd08298ee4e481f14cd5096f1f1fcf1394a"
      }
    },
    "nixpkgs": {
      "locked": {
        "lastModified": 1748026580,
        "narHash": "sha256-rWtXrcIzU5wm/C8F9LWvUfBGu5U5E7cFzPYT1pHIJaQ=",
        "owner": "NixOS",
        "repo": "nixpkgs",
        "rev": "11cb3517b3af6af300dd6c055aeda73c9bf52c48",
        "type": "github"
      },
      "original": {
        "owner": "NixOS",
        "ref": "25.05",
        "repo": "nixpkgs",
        "type": "github"
      }
    },
    "root": {
      "inputs": {
        "all-cabal-hashes": "all-cabal-hashes",
        "nixpkgs": "nixpkgs",
        "utils": "utils"
      }
    },
    "systems": {
      "locked": {
        "lastModified": 1681028828,
        "narHash": "sha256-Vy1rq5AaRuLzOxct8nz4T6wlgyUR7zLU309k9mBC768=",
        "owner": "nix-systems",
        "repo": "default",
        "rev": "da67096a3b9bf56a91d16901293e51ba5b49a27e",
        "type": "github"
      },
      "original": {
        "owner": "nix-systems",
        "repo": "default",
        "type": "github"
      }
    },
    "utils": {
      "inputs": {
        "systems": "systems"
      },
      "locked": {
        "lastModified": 1731533236,
        "narHash": "sha256-l0KFg5HjrsfsO/JpG+r7fRrqm12kzFHyUHqHCVpMMbI=",
        "owner": "numtide",
        "repo": "flake-utils",
        "rev": "11707dc2f618dd54ca8739b309ec4fc024de578b",
        "type": "github"
      },
      "original": {
        "owner": "numtide",
        "repo": "flake-utils",
        "type": "github"
      }
    }
  },
  "root": "root",
  "version": 7
}
